{
  "name": "han",
  "version": "0.0.0",
  "lockfileVersion": 3,
  "requires": true,
  "packages": {
    "": {
      "name": "han",
      "version": "0.0.0",
      "devDependencies": {
        "@j178/prek": "^0.4.11",
        "bats": "^1.11.1",
        "prettier": "^3.9.6"
      }
    },
    "node_modules/@j178/prek": {
      "version": "0.4.11",
      "resolved": "https://registry.npmjs.org/@j178/prek/-/prek-0.4.11.tgz",
      "integrity": "sha512-CfgRmUXDjAvnuy20nO69MvL0+XgXNUdlSROq5ph03OXWU7dvra+Qmq1pZXH9fcpz6zdnK5BxsOTnU7toVMgCxA==",
      "dev": true,
      "license": "MIT",
      "bin": {
        "prek": "bin/prek.js"
      },
      "engines": {
        "node": ">=18"
      },
      "optionalDependencies": {
        "@j178/prek-android-arm64": "0.4.11",
        "@j178/prek-darwin-arm64": "0.4.11",
        "@j178/prek-darwin-x64": "0.4.11",
        "@j178/prek-linux-arm-gnueabihf": "0.4.11",
        "@j178/prek-linux-arm-musleabihf": "0.4.11",
        "@j178/prek-linux-arm64-gnu": "0.4.11",
        "@j178/prek-linux-arm64-musl": "0.4.11",
        "@j178/prek-linux-armv7-musleabihf": "0.4.11",
        "@j178/prek-linux-ia32-gnu": "0.4.11",
        "@j178/prek-linux-ia32-musl": "0.4.11",
        "@j178/prek-linux-riscv64-gnu": "0.4.11",
        "@j178/prek-linux-s390x-gnu": "0.4.11",
        "@j178/prek-linux-x64-gnu": "0.4.11",
        "@j178/prek-linux-x64-musl": "0.4.11",
        "@j178/prek-win32-arm64-msvc": "0.4.11",
        "@j178/prek-win32-ia32-msvc": "0.4.11",
        "@j178/prek-win32-x64-msvc": "0.4.11"
      }
    },
    "node_modules/@j178/prek-android-arm64": {
      "version": "0.4.11",
      "resolved": "https://registry.npmjs.org/@j178/prek-android-arm64/-/prek-android-arm64-0.4.11.tgz",
      "integrity": "sha512-884IegZVxqfwwwEdG+6uZgcV/mDbyObxcVLY/EDEu1xwBGlv6oHNx6iyAB3tKRryxOunYIkNPqqVmjgXY9yeig==",
      "cpu": [
        "arm64"
      ],
      "dev": true,
      "license": "MIT",
      "optional": true,
      "os": [
        "android"
      ],
      "engines": {
        "node": ">=18"
      }
    },
    "node_modules/@j178/prek-darwin-arm64": {
      "version": "0.4.11",
      "resolved": "https://registry.npmjs.org/@j178/prek-darwin-arm64/-/prek-darwin-arm64-0.4.11.tgz",
      "integrity": "sha512-K5hyxvaR8MGRT3zOt2GxFNbZEzffagQrSt9b7JnveD79Yq8zkjXt5WyStTBjCMvItAZOqDAnQpBNhZjmJVFuPA==",
      "cpu": [
        "arm64"
      ],
      "dev": true,
      "license": "MIT",
      "optional": true,
      "os": [
        "darwin"
      ],
      "engines": {
        "node": ">=18"
      }
    },
    "node_modules/@j178/prek-darwin-x64": {
      "version": "0.4.11",
      "resolved": "https://registry.npmjs.org/@j178/prek-darwin-x64/-/prek-darwin-x64-0.4.11.tgz",
      "integrity": "sha512-R/JY/3H/yKUYgxaxyOpUJZToD5ykumOoYr/lp4a5Xsdc06fS+LLuT6kIQC7xKxXA43bqWCQlsTh0hvrU615sFQ==",
      "cpu": [
        "x64"
      ],
      "dev": true,
      "license": "MIT",
      "optional": true,
      "os": [
        "darwin"
      ],
      "engines": {
        "node": ">=18"
      }
    },
    "node_modules/@j178/prek-linux-arm-gnueabihf": {
      "version": "0.4.11",
      "resolved": "https://registry.npmjs.org/@j178/prek-linux-arm-gnueabihf/-/prek-linux-arm-gnueabihf-0.4.11.tgz",
      "integrity": "sha512-X88O1LC5LUo/C46eiDaBW6OzfQxkBw3mSriX9190IY8vcclUsgaR3BXiyARMwpoxTVsgkiZm6KDYmDKj6zNOpA==",
      "cpu": [
        "arm"
      ],
      "dev": true,
      "libc": [
        "glibc"
      ],
      "license": "MIT",
      "optional": true,
      "os": [
        "linux"
      ],
      "engines": {
        "node": ">=18"
      }
    },
    "node_modules/@j178/prek-linux-arm-musleabihf": {
      "version": "0.4.11",
      "resolved": "https://registry.npmjs.org/@j178/prek-linux-arm-musleabihf/-/prek-linux-arm-musleabihf-0.4.11.tgz",
      "integrity": "sha512-aOT0l6aSq9j1dFm7WA67P+2DGL3k7jJMtAanxp9kkaJ3uEwYSq3jrcKkN+pDA7/JNfJ0gnKrV8glBzPL/7N6Pg==",
      "cpu": [
        "arm"
      ],
      "dev": true,
      "libc": [
        "musl"
      ],
      "license": "MIT",
      "optional": true,
      "os": [
        "linux"
      ],
      "engines": {
        "node": ">=18"
      }
    },
    "node_modules/@j178/prek-linux-arm64-gnu": {
      "version": "0.4.11",
      "resolved": "https://registry.npmjs.org/@j178/prek-linux-arm64-gnu/-/prek-linux-arm64-gnu-0.4.11.tgz",
      "integrity": "sha512-qj4uHf22xcF3C6BvS7EHIsCbAsaw3gWogLMkIN8L4NXQWC4rFDkEaf0kJAF/G2BICS7C47Oyon4Tk8zGVIT1nw==",
      "cpu": [
        "arm64"
      ],
      "dev": true,
      "libc": [
        "glibc"
      ],
      "license": "MIT",
      "optional": true,
      "os": [
        "linux"
      ],
      "engines": {
        "node": ">=18"
      }
    },
    "node_modules/@j178/prek-linux-arm64-musl": {
      "version": "0.4.11",
      "resolved": "https://registry.npmjs.org/@j178/prek-linux-arm64-musl/-/prek-linux-arm64-musl-0.4.11.tgz",
      "integrity": "sha512-X3nnEl7/sGRSFI6QDrL8cx++ovHynDTEewdPkDwKVdcXZfy8R1Y+j/G1hNFfMT6zEY2SyiNrPBjZHcL7UDeTmw==",
      "cpu": [
        "arm64"
      ],
      "dev": true,
      "libc": [
        "musl"
      ],
      "license": "MIT",
      "optional": true,
      "os": [
        "linux"
      ],
      "engines": {
        "node": ">=18"
      }
    },
    "node_modules/@j178/prek-linux-armv7-musleabihf": {
      "version": "0.4.11",
      "resolved": "https://registry.npmjs.org/@j178/prek-linux-armv7-musleabihf/-/prek-linux-armv7-musleabihf-0.4.11.tgz",
      "integrity": "sha512-K+bmV4r9W0gDc5MkuqqDTIrso6AZMb/MmBhEJy1be5cFg9ImVUNoCwOVFgHRGw1Hp7kg3Vz6TSBSLxImEGylzQ==",
      "cpu": [
        "arm"
      ],
      "dev": true,
      "libc": [
        "musl"
      ],
      "license": "MIT",
      "optional": true,
      "os": [
        "linux"
      ],
      "engines": {
        "node": ">=18"
      }
    },
    "node_modules/@j178/prek-linux-ia32-gnu": {
      "version": "0.4.11",
      "resolved": "https://registry.npmjs.org/@j178/prek-linux-ia32-gnu/-/prek-linux-ia32-gnu-0.4.11.tgz",
      "integrity": "sha512-AMQw3YUuXGDGiF2hhQQ9PixhzIkMkqaxloJz9X4ipMLrn9NE7XpzCfjYDld7jlUwPqVTUqRMo/QV7tk1C08qcQ==",
      "cpu": [
        "ia32"
      ],
      "dev": true,
      "libc": [
        "glibc"
      ],
      "license": "MIT",
      "optional": true,
      "os": [
        "linux"
      ],
      "engines": {
        "node": ">=18"
      }
    },
    "node_modules/@j178/prek-linux-ia32-musl": {
      "version": "0.4.11",
      "resolved": "https://registry.npmjs.org/@j178/prek-linux-ia32-musl/-/prek-linux-ia32-musl-0.4.11.tgz",
      "integrity": "sha512-WWI/C7hu+Kd/MpWCN9wq2zjHGnpRZboDntEUa+C9BGF6nQztraQQ1FDb4HGyjnGyToVysfA3o0dPLpmo2R1cNg==",
      "cpu": [
        "ia32"
      ],
      "dev": true,
      "libc": [
        "musl"
      ],
      "license": "MIT",
      "optional": true,
      "os": [
        "linux"
      ],
      "engines": {
        "node": ">=18"
      }
    },
    "node_modules/@j178/prek-linux-riscv64-gnu": {
      "version": "0.4.11",
      "resolved": "https://registry.npmjs.org/@j178/prek-linux-riscv64-gnu/-/prek-linux-riscv64-gnu-0.4.11.tgz",
      "integrity": "sha512-lI1ZddoCIJQYNy34/hVGNu0hXfkZ+Y4uH9fi8DH94Z8y3J1OVvZ/8J8VIIUIuXXIOCvzTaP9BnVIIar5qEDagg==",
      "cpu": [
        "riscv64"
      ],
      "dev": true,
      "libc": [
        "glibc"
      ],
      "license": "MIT",
      "optional": true,
      "os": [
        "linux"
      ],
      "engines": {
        "node": ">=18"
      }
    },
    "node_modules/@j178/prek-linux-s390x-gnu": {
      "version": "0.4.11",
      "resolved": "https://registry.npmjs.org/@j178/prek-linux-s390x-gnu/-/prek-linux-s390x-gnu-0.4.11.tgz",
      "integrity": "sha512-1iANyV8oNagodtg8ofq127eoz8RO3RvoDvVUuhLaH83ljzD+twLnGcON29UVWh4q74H5CBfKfgDkWsrq5C8UdA==",
      "cpu": [
        "s390x"
      ],
      "dev": true,
      "libc": [
        "glibc"
      ],
      "license": "MIT",
      "optional": true,
      "os": [
        "linux"
      ],
      "engines": {
        "node": ">=18"
      }
    },
    "node_modules/@j178/prek-linux-x64-gnu": {
      "version": "0.4.11",
      "resolved": "https://registry.npmjs.org/@j178/prek-linux-x64-gnu/-/prek-linux-x64-gnu-0.4.11.tgz",
      "integrity": "sha512-sdEop7euFmwO6yIewAnb2+1aY6zuFsxSxB8Q4A1a9k4JPIXuxDDQ8UdpnoHXYLEAuqw2Gbr8YuIAIy1IL0xPEg==",
      "cpu": [
        "x64"
      ],
      "dev": true,
      "libc": [
        "glibc"
      ],
      "license": "MIT",
      "optional": true,
      "os": [
        "linux"
      ],
      "engines": {
        "node": ">=18"
      }
    },
    "node_modules/@j178/prek-linux-x64-musl": {
      "version": "0.4.11",
      "resolved": "https://registry.npmjs.org/@j178/prek-linux-x64-musl/-/prek-linux-x64-musl-0.4.11.tgz",
      "integrity": "sha512-xvsVTGd+fsYcZbAiNE9r/bGkSSR5mbLWo7Mq04sBNeoLqNOS9Fz/WHPgm++smAb9on2KqBirtkIOaWDGeYRIwQ==",
      "cpu": [
        "x64"
      ],
      "dev": true,
      "libc": [
        "musl"
      ],
      "license": "MIT",
      "optional": true,
      "os": [
        "linux"
      ],
      "engines": {
        "node": ">=18"
      }
    },
    "node_modules/@j178/prek-win32-arm64-msvc": {
      "version": "0.4.11",
      "resolved": "https://registry.npmjs.org/@j178/prek-win32-arm64-msvc/-/prek-win32-arm64-msvc-0.4.11.tgz",
      "integrity": "sha512-9U5NtLcV9cLMO2k0yClc5srY72IeH9wiWNNYj0bxXDdUUUqXmQ2w4gFSwid3QryUH1+Fyk0lp46t0Otq4WfbRQ==",
      "cpu": [
        "arm64"
      ],
      "dev": true,
      "license": "MIT",
      "optional": true,
      "os": [
        "win32"
      ],
      "engines": {
        "node": ">=18"
      }
    },
    "node_modules/@j178/prek-win32-ia32-msvc": {
      "version": "0.4.11",
      "resolved": "https://registry.npmjs.org/@j178/prek-win32-ia32-msvc/-/prek-win32-ia32-msvc-0.4.11.tgz",
      "integrity": "sha512-Q7rLyvJVcxXRslElOBUA6oIpLu45SbpBastFgR/4X8u7RbGG+DweM6Pee3dDqcTpgV6ZeXfEQGQpGL3Lc8sV4Q==",
      "cpu": [
        "ia32"
      ],
      "dev": true,
      "license": "MIT",
      "optional": true,
      "os": [
        "win32"
      ],
      "engines": {
        "node": ">=18"
      }
    },
    "node_modules/@j178/prek-win32-x64-msvc": {
      "version": "0.4.11",
      "resolved": "https://registry.npmjs.org/@j178/prek-win32-x64-msvc/-/prek-win32-x64-msvc-0.4.11.tgz",
      "integrity": "sha512-2ev+g8pmS6EcKyPQlTWn4rAVsoyATL9a9Mk6EqQkgsivApPVXtbTZuo+Jl901AJkJNud+4nIS7JeFET8mH1S4g==",
      "cpu": [
        "x64"
      ],
      "dev": true,
      "license": "MIT",
      "optional": true,
      "os": [
        "win32"
      ],
      "engines": {
        "node": ">=18"
      }
    },
    "node_modules/bats": {
      "version": "1.13.0",
      "resolved": "https://registry.npmjs.org/bats/-/bats-1.13.0.tgz",
      "integrity": "sha512-giSYKGTOcPZyJDbfbTtzAedLcNWdjCLbXYU3/MwPnjyvDXzu6Dgw8d2M+8jHhZXSmsCMSQqCp+YBsJ603UO4vQ==",
      "dev": true,
      "license": "MIT",
      "bin": {
        "bats": "bin/bats"
      }
    },
    "node_modules/prettier": {
      "version": "3.9.6",
      "resolved": "https://registry.npmjs.org/prettier/-/prettier-3.9.6.tgz",
      "integrity": "sha512-OpN0zzVdiaiAhxpuuj5efpIS4sY9j7bY6uR5mnj5yPzGkdkjNKSJeUThPb60Jw29QuAZgA4o+/iB49kFiaBX6g==",
      "dev": true,
      "license": "MIT",
      "bin": {
        "prettier": "bin/prettier.cjs"
      },
      "engines": {
        "node": ">=14"
      },
      "funding": {
        "url": "https://github.com/prettier/prettier?sponsor=1"
      }
    }
  }
}
