{
  "name": "han",
  "version": "0.0.0",
  "lockfileVersion": 3,
  "requires": true,
  "packages": {
    "": {
      "name": "han",
      "version": "0.0.0",
      "devDependencies": {
        "@j178/prek": "^0.4.9",
        "bats": "^1.11.1",
        "prettier": "^3.4.2"
      }
    },
    "node_modules/@j178/prek": {
      "version": "0.4.9",
      "resolved": "https://registry.npmjs.org/@j178/prek/-/prek-0.4.9.tgz",
      "integrity": "sha512-9iWK3NgzworUjKLfOKR3vg36rQp2jZKEcxBhXkM1TrHYiO1q30KitehceEs1u+GTw1syNcb8Bye0Qe7NxlH/dw==",
      "dev": true,
      "license": "MIT",
      "bin": {
        "prek": "bin/prek.js"
      },
      "engines": {
        "node": ">=18"
      },
      "optionalDependencies": {
        "@j178/prek-android-arm64": "0.4.9",
        "@j178/prek-darwin-arm64": "0.4.9",
        "@j178/prek-darwin-x64": "0.4.9",
        "@j178/prek-linux-arm-gnueabihf": "0.4.9",
        "@j178/prek-linux-arm-musleabihf": "0.4.9",
        "@j178/prek-linux-arm64-gnu": "0.4.9",
        "@j178/prek-linux-arm64-musl": "0.4.9",
        "@j178/prek-linux-armv7-musleabihf": "0.4.9",
        "@j178/prek-linux-ia32-gnu": "0.4.9",
        "@j178/prek-linux-ia32-musl": "0.4.9",
        "@j178/prek-linux-riscv64-gnu": "0.4.9",
        "@j178/prek-linux-s390x-gnu": "0.4.9",
        "@j178/prek-linux-x64-gnu": "0.4.9",
        "@j178/prek-linux-x64-musl": "0.4.9",
        "@j178/prek-win32-arm64-msvc": "0.4.9",
        "@j178/prek-win32-ia32-msvc": "0.4.9",
        "@j178/prek-win32-x64-msvc": "0.4.9"
      }
    },
    "node_modules/@j178/prek-android-arm64": {
      "version": "0.4.9",
      "resolved": "https://registry.npmjs.org/@j178/prek-android-arm64/-/prek-android-arm64-0.4.9.tgz",
      "integrity": "sha512-mFJBMkUvvjCw/HY557lcKRit6f21cqCyIGSGG8+Q8ZnfIQYdWNcPpI7i1x/jbbzVH5MZ2M4FAkaW79hj+U3LCA==",
      "cpu": [
        "arm64"
      ],
      "dev": true,
      "license": "MIT",
      "optional": true,
      "os": [
        "android"
      ],
      "engines": {
        "node": ">=18"
      }
    },
    "node_modules/@j178/prek-darwin-arm64": {
      "version": "0.4.9",
      "resolved": "https://registry.npmjs.org/@j178/prek-darwin-arm64/-/prek-darwin-arm64-0.4.9.tgz",
      "integrity": "sha512-HQt1KhUMA/kzRr5o929JfmvMw7hJsvdAUW0XwMNL+bHWV0cS6sdMZwpRyrHFdkZXbB5sUIGZsvJoq+vl20RzSw==",
      "cpu": [
        "arm64"
      ],
      "dev": true,
      "license": "MIT",
      "optional": true,
      "os": [
        "darwin"
      ],
      "engines": {
        "node": ">=18"
      }
    },
    "node_modules/@j178/prek-darwin-x64": {
      "version": "0.4.9",
      "resolved": "https://registry.npmjs.org/@j178/prek-darwin-x64/-/prek-darwin-x64-0.4.9.tgz",
      "integrity": "sha512-3Fq6uMNXjCyR+5dkNnsibHhUwAfXrQ98RKDF0cAKlWiDGr7EBlzw8rwpahBY5On+roG8MHia3ZJjDpbdOYCrqw==",
      "cpu": [
        "x64"
      ],
      "dev": true,
      "license": "MIT",
      "optional": true,
      "os": [
        "darwin"
      ],
      "engines": {
        "node": ">=18"
      }
    },
    "node_modules/@j178/prek-linux-arm-gnueabihf": {
      "version": "0.4.9",
      "resolved": "https://registry.npmjs.org/@j178/prek-linux-arm-gnueabihf/-/prek-linux-arm-gnueabihf-0.4.9.tgz",
      "integrity": "sha512-ECpl6h54ZalcsNXKVFoEZCs077asYSOevLW7LEfKYtIv8wi1m7J/XNXhkTrBy6gBhCPGvnz6PGn4/Me1Y4m0Uw==",
      "cpu": [
        "arm"
      ],
      "dev": true,
      "license": "MIT",
      "optional": true,
      "os": [
        "linux"
      ],
      "engines": {
        "node": ">=18"
      }
    },
    "node_modules/@j178/prek-linux-arm-musleabihf": {
      "version": "0.4.9",
      "resolved": "https://registry.npmjs.org/@j178/prek-linux-arm-musleabihf/-/prek-linux-arm-musleabihf-0.4.9.tgz",
      "integrity": "sha512-Nh8HgcjBKxHDil23GVrwSAd87bPC0VQIwRr1HzAQw4QF9GxCkd+M48h64EJBNTh5kHX5Br2qEXNXGVKYjRmsCg==",
      "cpu": [
        "arm"
      ],
      "dev": true,
      "license": "MIT",
      "optional": true,
      "os": [
        "linux"
      ],
      "engines": {
        "node": ">=18"
      }
    },
    "node_modules/@j178/prek-linux-arm64-gnu": {
      "version": "0.4.9",
      "resolved": "https://registry.npmjs.org/@j178/prek-linux-arm64-gnu/-/prek-linux-arm64-gnu-0.4.9.tgz",
      "integrity": "sha512-vR8fsdbKIFi7jWVLkLzhZlmgQgBcDHe2uhnv3Nx/NefRBoBdSMJT7KUKMJlsNO7hUXKvBtvx+e/bB15ZasmgkA==",
      "cpu": [
        "arm64"
      ],
      "dev": true,
      "license": "MIT",
      "optional": true,
      "os": [
        "linux"
      ],
      "engines": {
        "node": ">=18"
      }
    },
    "node_modules/@j178/prek-linux-arm64-musl": {
      "version": "0.4.9",
      "resolved": "https://registry.npmjs.org/@j178/prek-linux-arm64-musl/-/prek-linux-arm64-musl-0.4.9.tgz",
      "integrity": "sha512-8wFjX0VbSmA0SGfs2PC8HPmq3PoAHmvntLGvqpaYUk+8NUblrUxn0S5OsifWSOQ8n02TZTVs2QGn+Sa5KhR9yg==",
      "cpu": [
        "arm64"
      ],
      "dev": true,
      "license": "MIT",
      "optional": true,
      "os": [
        "linux"
      ],
      "engines": {
        "node": ">=18"
      }
    },
    "node_modules/@j178/prek-linux-armv7-musleabihf": {
      "version": "0.4.9",
      "resolved": "https://registry.npmjs.org/@j178/prek-linux-armv7-musleabihf/-/prek-linux-armv7-musleabihf-0.4.9.tgz",
      "integrity": "sha512-BDR8taqqH5aWtZ+6yT8lw59JadGUv0lEQwr4UCkrXg4u4bQzYu03ejdgrCNZo+eLt7uG9rpbOrB2fR+iDkO/hw==",
      "cpu": [
        "arm"
      ],
      "dev": true,
      "license": "MIT",
      "optional": true,
      "os": [
        "linux"
      ],
      "engines": {
        "node": ">=18"
      }
    },
    "node_modules/@j178/prek-linux-ia32-gnu": {
      "version": "0.4.9",
      "resolved": "https://registry.npmjs.org/@j178/prek-linux-ia32-gnu/-/prek-linux-ia32-gnu-0.4.9.tgz",
      "integrity": "sha512-3feciBV6RDUs7u8x05p4yA6ItcGqFT+71p7H2gFCLPBDHs7C9pOGpWDuPVmd+PMr/z5fzJtTA3ZQlv3tq1fncw==",
      "cpu": [
        "ia32"
      ],
      "dev": true,
      "license": "MIT",
      "optional": true,
      "os": [
        "linux"
      ],
      "engines": {
        "node": ">=18"
      }
    },
    "node_modules/@j178/prek-linux-ia32-musl": {
      "version": "0.4.9",
      "resolved": "https://registry.npmjs.org/@j178/prek-linux-ia32-musl/-/prek-linux-ia32-musl-0.4.9.tgz",
      "integrity": "sha512-d6rgJHWij7U1zuRa3CRkcecQW2Zq0TV/q1IW7pXvzQMk4FPL2uQkX2kR+37kPYLTpj7rIrkEW5SIs3PnH38UWQ==",
      "cpu": [
        "ia32"
      ],
      "dev": true,
      "license": "MIT",
      "optional": true,
      "os": [
        "linux"
      ],
      "engines": {
        "node": ">=18"
      }
    },
    "node_modules/@j178/prek-linux-riscv64-gnu": {
      "version": "0.4.9",
      "resolved": "https://registry.npmjs.org/@j178/prek-linux-riscv64-gnu/-/prek-linux-riscv64-gnu-0.4.9.tgz",
      "integrity": "sha512-G0oXlm3WlN37i7in4tli93biu4G3zHmql4nq8cS+1wl/Dmi+Wk6OY51OWdMZO7J+O77SXQgoIPdAnO4jcONGUQ==",
      "cpu": [
        "riscv64"
      ],
      "dev": true,
      "license": "MIT",
      "optional": true,
      "os": [
        "linux"
      ],
      "engines": {
        "node": ">=18"
      }
    },
    "node_modules/@j178/prek-linux-s390x-gnu": {
      "version": "0.4.9",
      "resolved": "https://registry.npmjs.org/@j178/prek-linux-s390x-gnu/-/prek-linux-s390x-gnu-0.4.9.tgz",
      "integrity": "sha512-UjK2EwIKpI3B78kobJvwCv7rIZZ1oLGSfqs7AZR67fPZ1Xi6YJLAG5bMOixA8WjkhbRO0K3JSCFT4mXsXfV7pg==",
      "cpu": [
        "s390x"
      ],
      "dev": true,
      "license": "MIT",
      "optional": true,
      "os": [
        "linux"
      ],
      "engines": {
        "node": ">=18"
      }
    },
    "node_modules/@j178/prek-linux-x64-gnu": {
      "version": "0.4.9",
      "resolved": "https://registry.npmjs.org/@j178/prek-linux-x64-gnu/-/prek-linux-x64-gnu-0.4.9.tgz",
      "integrity": "sha512-O6bjPRkkTIeMJJl4SxxBGP5ifO1ILTPQkI5frwcvrWCprp28jNBw3v1pPdlenmEvjROn2R5YOVGrvlFlMzTg3Q==",
      "cpu": [
        "x64"
      ],
      "dev": true,
      "license": "MIT",
      "optional": true,
      "os": [
        "linux"
      ],
      "engines": {
        "node": ">=18"
      }
    },
    "node_modules/@j178/prek-linux-x64-musl": {
      "version": "0.4.9",
      "resolved": "https://registry.npmjs.org/@j178/prek-linux-x64-musl/-/prek-linux-x64-musl-0.4.9.tgz",
      "integrity": "sha512-tqfvEy1rwWLsIVwuylmzk1lRaEj98X8FaXF1vR70FNhAjaqM7EuOQpDFdqUQpUyrkqm6iGwCmW6sz0azS6L6uA==",
      "cpu": [
        "x64"
      ],
      "dev": true,
      "license": "MIT",
      "optional": true,
      "os": [
        "linux"
      ],
      "engines": {
        "node": ">=18"
      }
    },
    "node_modules/@j178/prek-win32-arm64-msvc": {
      "version": "0.4.9",
      "resolved": "https://registry.npmjs.org/@j178/prek-win32-arm64-msvc/-/prek-win32-arm64-msvc-0.4.9.tgz",
      "integrity": "sha512-oQnsQ+K+OTW9I0YwDJAG/rcD18dYCOgy5IV4tFEHMK9GdMsB7hiPz5bOcpuzYDMumStlh2KKTYHejnU86K1bUw==",
      "cpu": [
        "arm64"
      ],
      "dev": true,
      "license": "MIT",
      "optional": true,
      "os": [
        "win32"
      ],
      "engines": {
        "node": ">=18"
      }
    },
    "node_modules/@j178/prek-win32-ia32-msvc": {
      "version": "0.4.9",
      "resolved": "https://registry.npmjs.org/@j178/prek-win32-ia32-msvc/-/prek-win32-ia32-msvc-0.4.9.tgz",
      "integrity": "sha512-jzzovfyzaPa8v0ckHTLiJqa4ZPfdnas/iNIBqGAGeEUZwO98szjOLlhP2pZt32E0VPNIpHxioR8dH9s2t26ePw==",
      "cpu": [
        "ia32"
      ],
      "dev": true,
      "license": "MIT",
      "optional": true,
      "os": [
        "win32"
      ],
      "engines": {
        "node": ">=18"
      }
    },
    "node_modules/@j178/prek-win32-x64-msvc": {
      "version": "0.4.9",
      "resolved": "https://registry.npmjs.org/@j178/prek-win32-x64-msvc/-/prek-win32-x64-msvc-0.4.9.tgz",
      "integrity": "sha512-tM9YVJuVffJIf/dEDIwQVC5EDdHmipXBqsjYfRwCWCPwzO11zr8edX6u3dAthqZywTIG/XveUso0kjJzPW3Dvg==",
      "cpu": [
        "x64"
      ],
      "dev": true,
      "license": "MIT",
      "optional": true,
      "os": [
        "win32"
      ],
      "engines": {
        "node": ">=18"
      }
    },
    "node_modules/bats": {
      "version": "1.13.0",
      "resolved": "https://registry.npmjs.org/bats/-/bats-1.13.0.tgz",
      "integrity": "sha512-giSYKGTOcPZyJDbfbTtzAedLcNWdjCLbXYU3/MwPnjyvDXzu6Dgw8d2M+8jHhZXSmsCMSQqCp+YBsJ603UO4vQ==",
      "dev": true,
      "license": "MIT",
      "bin": {
        "bats": "bin/bats"
      }
    },
    "node_modules/prettier": {
      "version": "3.9.5",
      "resolved": "https://registry.npmjs.org/prettier/-/prettier-3.9.5.tgz",
      "integrity": "sha512-/FVl766LpUfB5vXgCYOYa0MeV/441Ia99AeICQIQFTY/Nw0roZwULcXpku5i1/m5kt/baz+s4Zogspd839HSMg==",
      "dev": true,
      "license": "MIT",
      "bin": {
        "prettier": "bin/prettier.cjs"
      },
      "engines": {
        "node": ">=14"
      },
      "funding": {
        "url": "https://github.com/prettier/prettier?sponsor=1"
      }
    }
  }
}
